
Microsoft Visual Studio Solution File, Format Version 12.00
# Visual Studio Version 16
VisualStudioVersion = 16.0.33529.622
MinimumVisualStudioVersion = 10.0.40219.1
Project("{FAE04EC0-301F-11D3-BF4B-00C04F79EFBC}") = "Aula 2", "Aula 2\Aula 2.csproj", "{06C61A84-7FD1-4CB8-BBCD-FAE7EB5D9917}"
EndProject
Project("{FAE04EC0-301F-11D3-BF4B-00C04F79EFBC}") = "Aula 1", "Aula1\Aula 1.csproj", "{1E75DC42-4D02-4134-A95A-12172C79A3F0}"
EndProject
Global
	GlobalSection(SolutionConfigurationPlatforms) = preSolution
		Debug|Any CPU = Debug|Any CPU
		Release|Any CPU = Release|Any CPU
	EndGlobalSection
	GlobalSection(ProjectConfigurationPlatforms) = postSolution
		{06C61A84-7FD1-4CB8-BBCD-FAE7EB5D9917}.Debug|Any CPU.ActiveCfg = Debug|Any CPU
		{06C61A84-7FD1-4CB8-BBCD-FAE7EB5D9917}.Debug|Any CPU.Build.0 = Debug|Any CPU
		{06C61A84-7FD1-4CB8-BBCD-FAE7EB5D9917}.Release|Any CPU.ActiveCfg = Release|Any CPU
		{06C61A84-7FD1-4CB8-BBCD-FAE7EB5D9917}.Release|Any CPU.Build.0 = Release|Any CPU
		{1E75DC42-4D02-4134-A95A-12172C79A3F0}.Debug|Any CPU.ActiveCfg = Debug|Any CPU
		{1E75DC42-4D02-4134-A95A-12172C79A3F0}.Debug|Any CPU.Build.0 = Debug|Any CPU
		{1E75DC42-4D02-4134-A95A-12172C79A3F0}.Release|Any CPU.ActiveCfg = Release|Any CPU
		{1E75DC42-4D02-4134-A95A-12172C79A3F0}.Release|Any CPU.Build.0 = Release|Any CPU
	EndGlobalSection
	GlobalSection(SolutionProperties) = preSolution
		HideSolutionNode = FALSE
	EndGlobalSection
	GlobalSection(ExtensibilityGlobals) = postSolution
		SolutionGuid = {BBC944CF-8713-426C-B03B-3BB024118675}
	EndGlobalSection
EndGlobal
