
Microsoft Visual Studio Solution File, Format Version 12.00
# Visual Studio Version 16
VisualStudioVersion = 16.0.33529.622
MinimumVisualStudioVersion = 10.0.40219.1
Project("{FAE04EC0-301F-11D3-BF4B-00C04F79EFBC}") = "Aula 2", "Aula 2\Aula 2.csproj", "{06C61A84-7FD1-4CB8-BBCD-FAE7EB5D9917}"
EndProject
Project("{FAE04EC0-301F-11D3-BF4B-00C04F79EFBC}") = "Aula 3", "Aula 3\Aula 3.csproj", "{091DCE59-2BA2-4335-85EE-6FDF71D1DB12}"
EndProject
Project("{FAE04EC0-301F-11D3-BF4B-00C04F79EFBC}") = "Aula 4 - Arrays", "Aula 4\Aula 4 - Arrays.csproj", "{D88F3D87-C860-4C58-9C37-2420AB355EFB}"
EndProject
Project("{FAE04EC0-301F-11D3-BF4B-00C04F79EFBC}") = "Aula 5 - Arrays", "Aula 5\Aula 5 - Arrays.csproj", "{63706520-BCFB-46CE-9DF5-235F3FF29D23}"
EndProject
Project("{FAE04EC0-301F-11D3-BF4B-00C04F79EFBC}") = "Aula 1", "Aula 1\Aula 1.csproj", "{1E75DC42-4D02-4134-A95A-12172C79A3F0}"
EndProject
Project("{2150E333-8FDC-42A3-9474-1A3956D46DE8}") = "Projeto", "Projeto", "{5CFDA8C4-6F92-45BD-9832-CB82688B0D4C}"
EndProject
Project("{9A19103F-16F7-4668-BE54-9A1E7A4F7556}") = "Aula 6", "Aula 6\Aula 6.csproj", "{B03FCF42-BD8E-488A-909F-4F2945A40F8C}"
EndProject
Project("{9A19103F-16F7-4668-BE54-9A1E7A4F7556}") = "Aula 7 - POO", "AUla 7 - POO\Aula 7 - POO.csproj", "{06B8D740-7576-4187-98E0-07B63A5B7BB5}"
EndProject
Project("{9A19103F-16F7-4668-BE54-9A1E7A4F7556}") = "Aula 8 - POO", "Aula 8 - POO\Aula 8 - POO.csproj", "{9B5BD82F-5781-48CB-80AB-D2A53A9DC739}"
EndProject
Project("{9A19103F-16F7-4668-BE54-9A1E7A4F7556}") = "Aula 9 - Interfaces", "AUla 9 - Interfaces\Aula 9 - Interfaces.csproj", "{FE0138C2-D9AC-4078-A523-766C698A122E}"
EndProject
Project("{2150E333-8FDC-42A3-9474-1A3956D46DE8}") = "V1", "V1", "{32F70BFD-9F3C-4161-832E-A9F2BBDCED9D}"
EndProject
Project("{2150E333-8FDC-42A3-9474-1A3956D46DE8}") = "V2", "V2", "{7ABC5D95-D953-42B8-B290-943CC19C43F5}"
EndProject
Project("{9A19103F-16F7-4668-BE54-9A1E7A4F7556}") = "Armario", "ProjetoAula\V1\Armario\Armario.csproj", "{B06F9B55-2798-4D66-BAA5-D60C04A02565}"
EndProject
Project("{9A19103F-16F7-4668-BE54-9A1E7A4F7556}") = "MaterialCirurgico", "ProjetoAula\V1\MaterialCirurgico\MaterialCirurgico.csproj", "{71F6F1E8-E078-4A35-BDCA-3B6B23A504A2}"
EndProject
Project("{9A19103F-16F7-4668-BE54-9A1E7A4F7556}") = "Farmacia", "ProjetoAula\V1\Farmacia\Farmacia.csproj", "{AFD09BFE-3157-44BD-BCA2-7A773FCD6183}"
EndProject
Project("{9A19103F-16F7-4668-BE54-9A1E7A4F7556}") = "GereFarmacia", "ProjetoAula\V1\GereFarmacia\GereFarmacia.csproj", "{3F49505F-9802-46EB-B3C8-D64D24304A72}"
EndProject
Project("{FAE04EC0-301F-11D3-BF4B-00C04F79EFBC}") = "Aula 10 - Collections", "Aula 10 - Collections\Aula 10 - Collections.csproj", "{0AE4C9DA-3D96-40A5-861B-42F8157D5F1C}"
EndProject
Global
	GlobalSection(SolutionConfigurationPlatforms) = preSolution
		Debug|Any CPU = Debug|Any CPU
		Release|Any CPU = Release|Any CPU
	EndGlobalSection
	GlobalSection(ProjectConfigurationPlatforms) = postSolution
		{06C61A84-7FD1-4CB8-BBCD-FAE7EB5D9917}.Debug|Any CPU.ActiveCfg = Debug|Any CPU
		{06C61A84-7FD1-4CB8-BBCD-FAE7EB5D9917}.Debug|Any CPU.Build.0 = Debug|Any CPU
		{06C61A84-7FD1-4CB8-BBCD-FAE7EB5D9917}.Release|Any CPU.ActiveCfg = Release|Any CPU
		{06C61A84-7FD1-4CB8-BBCD-FAE7EB5D9917}.Release|Any CPU.Build.0 = Release|Any CPU
		{091DCE59-2BA2-4335-85EE-6FDF71D1DB12}.Debug|Any CPU.ActiveCfg = Debug|Any CPU
		{091DCE59-2BA2-4335-85EE-6FDF71D1DB12}.Debug|Any CPU.Build.0 = Debug|Any CPU
		{091DCE59-2BA2-4335-85EE-6FDF71D1DB12}.Release|Any CPU.ActiveCfg = Release|Any CPU
		{091DCE59-2BA2-4335-85EE-6FDF71D1DB12}.Release|Any CPU.Build.0 = Release|Any CPU
		{D88F3D87-C860-4C58-9C37-2420AB355EFB}.Debug|Any CPU.ActiveCfg = Debug|Any CPU
		{D88F3D87-C860-4C58-9C37-2420AB355EFB}.Debug|Any CPU.Build.0 = Debug|Any CPU
		{D88F3D87-C860-4C58-9C37-2420AB355EFB}.Release|Any CPU.ActiveCfg = Release|Any CPU
		{D88F3D87-C860-4C58-9C37-2420AB355EFB}.Release|Any CPU.Build.0 = Release|Any CPU
		{63706520-BCFB-46CE-9DF5-235F3FF29D23}.Debug|Any CPU.ActiveCfg = Debug|Any CPU
		{63706520-BCFB-46CE-9DF5-235F3FF29D23}.Debug|Any CPU.Build.0 = Debug|Any CPU
		{63706520-BCFB-46CE-9DF5-235F3FF29D23}.Release|Any CPU.ActiveCfg = Release|Any CPU
		{63706520-BCFB-46CE-9DF5-235F3FF29D23}.Release|Any CPU.Build.0 = Release|Any CPU
		{1E75DC42-4D02-4134-A95A-12172C79A3F0}.Debug|Any CPU.ActiveCfg = Debug|Any CPU
		{1E75DC42-4D02-4134-A95A-12172C79A3F0}.Debug|Any CPU.Build.0 = Debug|Any CPU
		{1E75DC42-4D02-4134-A95A-12172C79A3F0}.Release|Any CPU.ActiveCfg = Release|Any CPU
		{1E75DC42-4D02-4134-A95A-12172C79A3F0}.Release|Any CPU.Build.0 = Release|Any CPU
		{B03FCF42-BD8E-488A-909F-4F2945A40F8C}.Debug|Any CPU.ActiveCfg = Debug|Any CPU
		{B03FCF42-BD8E-488A-909F-4F2945A40F8C}.Debug|Any CPU.Build.0 = Debug|Any CPU
		{B03FCF42-BD8E-488A-909F-4F2945A40F8C}.Release|Any CPU.ActiveCfg = Release|Any CPU
		{B03FCF42-BD8E-488A-909F-4F2945A40F8C}.Release|Any CPU.Build.0 = Release|Any CPU
		{06B8D740-7576-4187-98E0-07B63A5B7BB5}.Debug|Any CPU.ActiveCfg = Debug|Any CPU
		{06B8D740-7576-4187-98E0-07B63A5B7BB5}.Debug|Any CPU.Build.0 = Debug|Any CPU
		{06B8D740-7576-4187-98E0-07B63A5B7BB5}.Release|Any CPU.ActiveCfg = Release|Any CPU
		{06B8D740-7576-4187-98E0-07B63A5B7BB5}.Release|Any CPU.Build.0 = Release|Any CPU
		{9B5BD82F-5781-48CB-80AB-D2A53A9DC739}.Debug|Any CPU.ActiveCfg = Debug|Any CPU
		{9B5BD82F-5781-48CB-80AB-D2A53A9DC739}.Debug|Any CPU.Build.0 = Debug|Any CPU
		{9B5BD82F-5781-48CB-80AB-D2A53A9DC739}.Release|Any CPU.ActiveCfg = Release|Any CPU
		{9B5BD82F-5781-48CB-80AB-D2A53A9DC739}.Release|Any CPU.Build.0 = Release|Any CPU
		{FE0138C2-D9AC-4078-A523-766C698A122E}.Debug|Any CPU.ActiveCfg = Debug|Any CPU
		{FE0138C2-D9AC-4078-A523-766C698A122E}.Debug|Any CPU.Build.0 = Debug|Any CPU
		{FE0138C2-D9AC-4078-A523-766C698A122E}.Release|Any CPU.ActiveCfg = Release|Any CPU
		{FE0138C2-D9AC-4078-A523-766C698A122E}.Release|Any CPU.Build.0 = Release|Any CPU
		{B06F9B55-2798-4D66-BAA5-D60C04A02565}.Debug|Any CPU.ActiveCfg = Debug|Any CPU
		{B06F9B55-2798-4D66-BAA5-D60C04A02565}.Debug|Any CPU.Build.0 = Debug|Any CPU
		{B06F9B55-2798-4D66-BAA5-D60C04A02565}.Release|Any CPU.ActiveCfg = Release|Any CPU
		{B06F9B55-2798-4D66-BAA5-D60C04A02565}.Release|Any CPU.Build.0 = Release|Any CPU
		{71F6F1E8-E078-4A35-BDCA-3B6B23A504A2}.Debug|Any CPU.ActiveCfg = Debug|Any CPU
		{71F6F1E8-E078-4A35-BDCA-3B6B23A504A2}.Debug|Any CPU.Build.0 = Debug|Any CPU
		{71F6F1E8-E078-4A35-BDCA-3B6B23A504A2}.Release|Any CPU.ActiveCfg = Release|Any CPU
		{71F6F1E8-E078-4A35-BDCA-3B6B23A504A2}.Release|Any CPU.Build.0 = Release|Any CPU
		{AFD09BFE-3157-44BD-BCA2-7A773FCD6183}.Debug|Any CPU.ActiveCfg = Debug|Any CPU
		{AFD09BFE-3157-44BD-BCA2-7A773FCD6183}.Debug|Any CPU.Build.0 = Debug|Any CPU
		{AFD09BFE-3157-44BD-BCA2-7A773FCD6183}.Release|Any CPU.ActiveCfg = Release|Any CPU
		{AFD09BFE-3157-44BD-BCA2-7A773FCD6183}.Release|Any CPU.Build.0 = Release|Any CPU
		{3F49505F-9802-46EB-B3C8-D64D24304A72}.Debug|Any CPU.ActiveCfg = Debug|Any CPU
		{3F49505F-9802-46EB-B3C8-D64D24304A72}.Debug|Any CPU.Build.0 = Debug|Any CPU
		{3F49505F-9802-46EB-B3C8-D64D24304A72}.Release|Any CPU.ActiveCfg = Release|Any CPU
		{3F49505F-9802-46EB-B3C8-D64D24304A72}.Release|Any CPU.Build.0 = Release|Any CPU
		{0AE4C9DA-3D96-40A5-861B-42F8157D5F1C}.Debug|Any CPU.ActiveCfg = Debug|Any CPU
		{0AE4C9DA-3D96-40A5-861B-42F8157D5F1C}.Debug|Any CPU.Build.0 = Debug|Any CPU
		{0AE4C9DA-3D96-40A5-861B-42F8157D5F1C}.Release|Any CPU.ActiveCfg = Release|Any CPU
		{0AE4C9DA-3D96-40A5-861B-42F8157D5F1C}.Release|Any CPU.Build.0 = Release|Any CPU
	EndGlobalSection
	GlobalSection(SolutionProperties) = preSolution
		HideSolutionNode = FALSE
	EndGlobalSection
	GlobalSection(NestedProjects) = preSolution
		{32F70BFD-9F3C-4161-832E-A9F2BBDCED9D} = {5CFDA8C4-6F92-45BD-9832-CB82688B0D4C}
		{7ABC5D95-D953-42B8-B290-943CC19C43F5} = {5CFDA8C4-6F92-45BD-9832-CB82688B0D4C}
		{B06F9B55-2798-4D66-BAA5-D60C04A02565} = {32F70BFD-9F3C-4161-832E-A9F2BBDCED9D}
		{71F6F1E8-E078-4A35-BDCA-3B6B23A504A2} = {32F70BFD-9F3C-4161-832E-A9F2BBDCED9D}
		{AFD09BFE-3157-44BD-BCA2-7A773FCD6183} = {32F70BFD-9F3C-4161-832E-A9F2BBDCED9D}
		{3F49505F-9802-46EB-B3C8-D64D24304A72} = {32F70BFD-9F3C-4161-832E-A9F2BBDCED9D}
	EndGlobalSection
	GlobalSection(ExtensibilityGlobals) = postSolution
		SolutionGuid = {BBC944CF-8713-426C-B03B-3BB024118675}
	EndGlobalSection
EndGlobal
