
Microsoft Visual Studio Solution File, Format Version 12.00
# Visual Studio Version 16
VisualStudioVersion = 16.0.33529.622
MinimumVisualStudioVersion = 10.0.40219.1
Project("{9A19103F-16F7-4668-BE54-9A1E7A4F7556}") = "Farmacia", "Farmacia.csproj", "{3B31F606-8425-4752-B987-ED273CB6F143}"
EndProject
Project("{FAE04EC0-301F-11D3-BF4B-00C04F79EFBC}") = "TestaOutraFarmacia", "..\TestaOutraFarmacia\TestaOutraFarmacia.csproj", "{9C953E1D-2179-4168-AB2C-C77060C8C15A}"
EndProject
Global
	GlobalSection(SolutionConfigurationPlatforms) = preSolution
		Debug|Any CPU = Debug|Any CPU
		Release|Any CPU = Release|Any CPU
	EndGlobalSection
	GlobalSection(ProjectConfigurationPlatforms) = postSolution
		{3B31F606-8425-4752-B987-ED273CB6F143}.Debug|Any CPU.ActiveCfg = Debug|Any CPU
		{3B31F606-8425-4752-B987-ED273CB6F143}.Debug|Any CPU.Build.0 = Debug|Any CPU
		{3B31F606-8425-4752-B987-ED273CB6F143}.Release|Any CPU.ActiveCfg = Release|Any CPU
		{3B31F606-8425-4752-B987-ED273CB6F143}.Release|Any CPU.Build.0 = Release|Any CPU
		{9C953E1D-2179-4168-AB2C-C77060C8C15A}.Debug|Any CPU.ActiveCfg = Debug|Any CPU
		{9C953E1D-2179-4168-AB2C-C77060C8C15A}.Debug|Any CPU.Build.0 = Debug|Any CPU
		{9C953E1D-2179-4168-AB2C-C77060C8C15A}.Release|Any CPU.ActiveCfg = Release|Any CPU
		{9C953E1D-2179-4168-AB2C-C77060C8C15A}.Release|Any CPU.Build.0 = Release|Any CPU
	EndGlobalSection
	GlobalSection(SolutionProperties) = preSolution
		HideSolutionNode = FALSE
	EndGlobalSection
	GlobalSection(ExtensibilityGlobals) = postSolution
		SolutionGuid = {F913BB48-8E04-4242-806C-3C28D9E2DE18}
	EndGlobalSection
EndGlobal
